# THIS IS AN AUTOGENERATED FILE. DO NOT EDIT THIS FILE DIRECTLY.
# yarn lockfile v1


"@types/node@^7.0.62":
  version "7.0.67"
  resolved "https://registry.yarnpkg.com/@types/node/-/node-7.0.67.tgz#3aeacf429e24e08e14d7621039d37b7f53542ecf"

bindings@^1.2.1, bindings@^1.3.0:
  version "1.3.0"
  resolved "https://registry.yarnpkg.com/bindings/-/bindings-1.3.0.tgz#b346f6ecf6a95f5a815c5839fc7cdb22502f1ed7"

bindings@~1.2.1:
  version "1.2.1"
  resolved "https://registry.yarnpkg.com/bindings/-/bindings-1.2.1.tgz#14ad6113812d2d37d72e67b4cacb4bb726505f11"

bl@^1.0.0:
  version "1.2.2"
  resolved "https://registry.yarnpkg.com/bl/-/bl-1.2.2.tgz#a160911717103c07410cef63ef51b397c025af9c"
  dependencies:
    readable-stream "^2.3.5"
    safe-buffer "^5.1.1"

buffer-alloc-unsafe@^1.1.0:
  version "1.1.0"
  resolved "https://registry.yarnpkg.com/buffer-alloc-unsafe/-/buffer-alloc-unsafe-1.1.0.tgz#bd7dc26ae2972d0eda253be061dba992349c19f0"

buffer-alloc@^1.1.0:
  version "1.2.0"
  resolved "https://registry.yarnpkg.com/buffer-alloc/-/buffer-alloc-1.2.0.tgz#890dd90d923a873e08e10e5fd51a57e5b7cce0ec"
  dependencies:
    buffer-alloc-unsafe "^1.1.0"
    buffer-fill "^1.0.0"

buffer-fill@^1.0.0:
  version "1.0.0"
  resolved "https://registry.yarnpkg.com/buffer-fill/-/buffer-fill-1.0.0.tgz#f8f78b76789888ef39f205cd637f68e702122b2c"

chownr@^1.0.1:
  version "1.0.1"
  resolved "https://registry.yarnpkg.com/chownr/-/chownr-1.0.1.tgz#e2a75042a9551908bebd25b8523d5f9769d79181"

core-util-is@~1.0.0:
  version "1.0.2"
  resolved "https://registry.yarnpkg.com/core-util-is/-/core-util-is-1.0.2.tgz#b5fd54220aa2bc5ab57aab7140c940754503c1a7"

decompress-response@^3.3.0:
  version "3.3.0"
  resolved "https://registry.yarnpkg.com/decompress-response/-/decompress-response-3.3.0.tgz#80a4dd323748384bfa248083622aedec982adff3"
  dependencies:
    mimic-response "^1.0.0"

end-of-stream@^1.0.0, end-of-stream@^1.1.0:
  version "1.4.1"
  resolved "https://registry.yarnpkg.com/end-of-stream/-/end-of-stream-1.4.1.tgz#ed29634d19baba463b6ce6b80a37213eab71ec43"
  dependencies:
    once "^1.4.0"

fs-constants@^1.0.0:
  version "1.0.0"
  resolved "https://registry.yarnpkg.com/fs-constants/-/fs-constants-1.0.0.tgz#6be0de9be998ce16af8afc24497b9ee9b7ccd9ad"

inherits@~2.0.3:
  version "2.0.3"
  resolved "https://registry.yarnpkg.com/inherits/-/inherits-2.0.3.tgz#633c2c83e3da42a502f52466022480f4208261de"

iohook@^0.2.0:
  version "0.2.0"
  resolved "https://registry.yarnpkg.com/iohook/-/iohook-0.2.0.tgz#7a60c776b0e277bd2eeadd09a0644e920e9b6a73"
  dependencies:
    "@types/node" "^7.0.62"
    bindings "^1.3.0"
    node-abi "^2.4.0"
    pump "^1.0.3"
    segfault-handler "^1.0.0"
    simple-get "^2.8.1"
    tar-fs "^1.16.2"

isarray@~1.0.0:
  version "1.0.0"
  resolved "https://registry.yarnpkg.com/isarray/-/isarray-1.0.0.tgz#bb935d48582cba168c06834957a54a3e07124f11"

midi@^0.9.5:
  version "0.9.5"
  resolved "https://registry.yarnpkg.com/midi/-/midi-0.9.5.tgz#fc323aff3e81b0d4099caeead535ba679c6e9d88"
  dependencies:
    bindings "~1.2.1"
    nan "^2.3.3"

mimic-response@^1.0.0:
  version "1.0.0"
  resolved "https://registry.yarnpkg.com/mimic-response/-/mimic-response-1.0.0.tgz#df3d3652a73fded6b9b0b24146e6fd052353458e"

minimist@0.0.8:
  version "0.0.8"
  resolved "https://registry.yarnpkg.com/minimist/-/minimist-0.0.8.tgz#857fcabfc3397d2625b8228262e86aa7a011b05d"

minimist@^1.1.1:
  version "1.2.0"
  resolved "https://registry.yarnpkg.com/minimist/-/minimist-1.2.0.tgz#a35008b20f41383eec1fb914f4cd5df79a264284"

mkdirp@^0.5.1:
  version "0.5.1"
  resolved "https://registry.yarnpkg.com/mkdirp/-/mkdirp-0.5.1.tgz#30057438eac6cf7f8c4767f38648d6697d75c903"
  dependencies:
    minimist "0.0.8"

nan@^2.0.9, nan@^2.3.3:
  version "2.10.0"
  resolved "https://registry.yarnpkg.com/nan/-/nan-2.10.0.tgz#96d0cd610ebd58d4b4de9cc0c6828cda99c7548f"

node-abi@^2.4.0:
  version "2.4.3"
  resolved "https://registry.yarnpkg.com/node-abi/-/node-abi-2.4.3.tgz#43666b7b17e57863e572409edbb82115ac7af28b"
  dependencies:
    semver "^5.4.1"

once@^1.3.1, once@^1.4.0:
  version "1.4.0"
  resolved "https://registry.yarnpkg.com/once/-/once-1.4.0.tgz#583b1aa775961d4b113ac17d9c50baef9dd76bd1"
  dependencies:
    wrappy "1"

process-nextick-args@~2.0.0:
  version "2.0.0"
  resolved "https://registry.yarnpkg.com/process-nextick-args/-/process-nextick-args-2.0.0.tgz#a37d732f4271b4ab1ad070d35508e8290788ffaa"

pump@^1.0.0, pump@^1.0.3:
  version "1.0.3"
  resolved "https://registry.yarnpkg.com/pump/-/pump-1.0.3.tgz#5dfe8311c33bbf6fc18261f9f34702c47c08a954"
  dependencies:
    end-of-stream "^1.1.0"
    once "^1.3.1"

readable-stream@^2.3.0, readable-stream@^2.3.5:
  version "2.3.6"
  resolved "https://registry.yarnpkg.com/readable-stream/-/readable-stream-2.3.6.tgz#b11c27d88b8ff1fbe070643cf94b0c79ae1b0aaf"
  dependencies:
    core-util-is "~1.0.0"
    inherits "~2.0.3"
    isarray "~1.0.0"
    process-nextick-args "~2.0.0"
    safe-buffer "~5.1.1"
    string_decoder "~1.1.1"
    util-deprecate "~1.0.1"

safe-buffer@^5.1.1, safe-buffer@~5.1.0, safe-buffer@~5.1.1:
  version "5.1.2"
  resolved "https://registry.yarnpkg.com/safe-buffer/-/safe-buffer-5.1.2.tgz#991ec69d296e0313747d59bdfd2b745c35f8828d"

screenres@^2.0.1:
  version "2.0.1"
  resolved "https://registry.yarnpkg.com/screenres/-/screenres-2.0.1.tgz#e822dd48b8759ef68137d691473761475a7a1fcd"
  dependencies:
    bindings "^1.2.1"
    minimist "^1.1.1"
    nan "^2.0.9"

segfault-handler@^1.0.0:
  version "1.0.1"
  resolved "https://registry.yarnpkg.com/segfault-handler/-/segfault-handler-1.0.1.tgz#9466d8f77d8826cfbdfa811124ece02983fd6ad2"
  dependencies:
    bindings "^1.2.1"
    nan "^2.0.9"

semver@^5.4.1:
  version "5.5.0"
  resolved "https://registry.yarnpkg.com/semver/-/semver-5.5.0.tgz#dc4bbc7a6ca9d916dee5d43516f0092b58f7b8ab"

simple-concat@^1.0.0:
  version "1.0.0"
  resolved "https://registry.yarnpkg.com/simple-concat/-/simple-concat-1.0.0.tgz#7344cbb8b6e26fb27d66b2fc86f9f6d5997521c6"

simple-get@^2.8.1:
  version "2.8.1"
  resolved "https://registry.yarnpkg.com/simple-get/-/simple-get-2.8.1.tgz#0e22e91d4575d87620620bc91308d57a77f44b5d"
  dependencies:
    decompress-response "^3.3.0"
    once "^1.3.1"
    simple-concat "^1.0.0"

string_decoder@~1.1.1:
  version "1.1.1"
  resolved "https://registry.yarnpkg.com/string_decoder/-/string_decoder-1.1.1.tgz#9cf1611ba62685d7030ae9e4ba34149c3af03fc8"
  dependencies:
    safe-buffer "~5.1.0"

tar-fs@^1.16.2:
  version "1.16.3"
  resolved "https://registry.yarnpkg.com/tar-fs/-/tar-fs-1.16.3.tgz#966a628841da2c4010406a82167cbd5e0c72d509"
  dependencies:
    chownr "^1.0.1"
    mkdirp "^0.5.1"
    pump "^1.0.0"
    tar-stream "^1.1.2"

tar-stream@^1.1.2:
  version "1.6.1"
  resolved "https://registry.yarnpkg.com/tar-stream/-/tar-stream-1.6.1.tgz#f84ef1696269d6223ca48f6e1eeede3f7e81f395"
  dependencies:
    bl "^1.0.0"
    buffer-alloc "^1.1.0"
    end-of-stream "^1.0.0"
    fs-constants "^1.0.0"
    readable-stream "^2.3.0"
    to-buffer "^1.1.0"
    xtend "^4.0.0"

to-buffer@^1.1.0:
  version "1.1.1"
  resolved "https://registry.yarnpkg.com/to-buffer/-/to-buffer-1.1.1.tgz#493bd48f62d7c43fcded313a03dcadb2e1213a80"

util-deprecate@~1.0.1:
  version "1.0.2"
  resolved "https://registry.yarnpkg.com/util-deprecate/-/util-deprecate-1.0.2.tgz#450d4dc9fa70de732762fbd2d4a28981419a0ccf"

wrappy@1:
  version "1.0.2"
  resolved "https://registry.yarnpkg.com/wrappy/-/wrappy-1.0.2.tgz#b5243d8f3ec1aa35f1364605bc0d1036e30ab69f"

xtend@^4.0.0:
  version "4.0.1"
  resolved "https://registry.yarnpkg.com/xtend/-/xtend-4.0.1.tgz#a5c6d532be656e23db820efb943a1f04998d63af"
